
Microsoft Visual Studio Solution File, Format Version 12.00
# Visual Studio 15
VisualStudioVersion = 15.0.28307.539
MinimumVisualStudioVersion = 10.0.40219.1
Project("{FAE04EC0-301F-11D3-BF4B-00C04F79EFBC}") = "Super Stenden Run", "Super Stenden Run\Super Stenden Run.csproj", "{F7CB6179-4655-46C7-989D-F709ADC2FFE6}"
EndProject
Global
	GlobalSection(SolutionConfigurationPlatforms) = preSolution
		Debug|ARM = Debug|ARM
		Debug|ARM64 = Debug|ARM64
		Debug|x64 = Debug|x64
		Debug|x86 = Debug|x86
		Release|ARM = Release|ARM
		Release|ARM64 = Release|ARM64
		Release|x64 = Release|x64
		Release|x86 = Release|x86
	EndGlobalSection
	GlobalSection(ProjectConfigurationPlatforms) = postSolution
		{F7CB6179-4655-46C7-989D-F709ADC2FFE6}.Debug|ARM.ActiveCfg = Debug|ARM
		{F7CB6179-4655-46C7-989D-F709ADC2FFE6}.Debug|ARM.Build.0 = Debug|ARM
		{F7CB6179-4655-46C7-989D-F709ADC2FFE6}.Debug|ARM.Deploy.0 = Debug|ARM
		{F7CB6179-4655-46C7-989D-F709ADC2FFE6}.Debug|ARM64.ActiveCfg = Debug|ARM64
		{F7CB6179-4655-46C7-989D-F709ADC2FFE6}.Debug|ARM64.Build.0 = Debug|ARM64
		{F7CB6179-4655-46C7-989D-F709ADC2FFE6}.Debug|ARM64.Deploy.0 = Debug|ARM64
		{F7CB6179-4655-46C7-989D-F709ADC2FFE6}.Debug|x64.ActiveCfg = Debug|x64
		{F7CB6179-4655-46C7-989D-F709ADC2FFE6}.Debug|x64.Build.0 = Debug|x64
		{F7CB6179-4655-46C7-989D-F709ADC2FFE6}.Debug|x64.Deploy.0 = Debug|x64
		{F7CB6179-4655-46C7-989D-F709ADC2FFE6}.Debug|x86.ActiveCfg = Debug|x86
		{F7CB6179-4655-46C7-989D-F709ADC2FFE6}.Debug|x86.Build.0 = Debug|x86
		{F7CB6179-4655-46C7-989D-F709ADC2FFE6}.Debug|x86.Deploy.0 = Debug|x86
		{F7CB6179-4655-46C7-989D-F709ADC2FFE6}.Release|ARM.ActiveCfg = Release|ARM
		{F7CB6179-4655-46C7-989D-F709ADC2FFE6}.Release|ARM.Build.0 = Release|ARM
		{F7CB6179-4655-46C7-989D-F709ADC2FFE6}.Release|ARM.Deploy.0 = Release|ARM
		{F7CB6179-4655-46C7-989D-F709ADC2FFE6}.Release|ARM64.ActiveCfg = Release|ARM64
		{F7CB6179-4655-46C7-989D-F709ADC2FFE6}.Release|ARM64.Build.0 = Release|ARM64
		{F7CB6179-4655-46C7-989D-F709ADC2FFE6}.Release|ARM64.Deploy.0 = Release|ARM64
		{F7CB6179-4655-46C7-989D-F709ADC2FFE6}.Release|x64.ActiveCfg = Release|x64
		{F7CB6179-4655-46C7-989D-F709ADC2FFE6}.Release|x64.Build.0 = Release|x64
		{F7CB6179-4655-46C7-989D-F709ADC2FFE6}.Release|x64.Deploy.0 = Release|x64
		{F7CB6179-4655-46C7-989D-F709ADC2FFE6}.Release|x86.ActiveCfg = Release|x86
		{F7CB6179-4655-46C7-989D-F709ADC2FFE6}.Release|x86.Build.0 = Release|x86
		{F7CB6179-4655-46C7-989D-F709ADC2FFE6}.Release|x86.Deploy.0 = Release|x86
	EndGlobalSection
	GlobalSection(SolutionProperties) = preSolution
		HideSolutionNode = FALSE
	EndGlobalSection
	GlobalSection(ExtensibilityGlobals) = postSolution
		SolutionGuid = {003FF2EC-5633-4405-BBBC-02AFB478F793}
	EndGlobalSection
EndGlobal
